
Microsoft Visual Studio Solution File, Format Version 12.00
Project("{FAE04EC0-301F-11D3-BF4B-00C04F79EFBC}") = "TestCQRS", "TestCQRS\TestCQRS.csproj", "{4D99739F-B5A2-466A-9946-BAE32CDE3829}"
EndProject
Project("{2150E333-8FDC-42A3-9474-1A3956D46DE8}") = "Solution Items", "Solution Items", "{A782C679-219C-44E3-9DC1-38F0A2D01322}"
	ProjectSection(SolutionItems) = preProject
		compose.yaml = compose.yaml
	EndProjectSection
EndProject
Global
	GlobalSection(SolutionConfigurationPlatforms) = preSolution
		Debug|Any CPU = Debug|Any CPU
		Release|Any CPU = Release|Any CPU
	EndGlobalSection
	GlobalSection(ProjectConfigurationPlatforms) = postSolution
		{4D99739F-B5A2-466A-9946-BAE32CDE3829}.Debug|Any CPU.ActiveCfg = Debug|Any CPU
		{4D99739F-B5A2-466A-9946-BAE32CDE3829}.Debug|Any CPU.Build.0 = Debug|Any CPU
		{4D99739F-B5A2-466A-9946-BAE32CDE3829}.Release|Any CPU.ActiveCfg = Release|Any CPU
		{4D99739F-B5A2-466A-9946-BAE32CDE3829}.Release|Any CPU.Build.0 = Release|Any CPU
	EndGlobalSection
EndGlobal
